
Microsoft Visual Studio Solution File, Format Version 12.00
# Visual Studio 2012
Project("{FAE04EC0-301F-11D3-BF4B-00C04F79EFBC}") = "XmppTarget", "XmppTarget\XmppTarget.csproj", "{35515FFC-D988-43BC-AD98-654F78273FF3}"
EndProject
Project("{FAE04EC0-301F-11D3-BF4B-00C04F79EFBC}") = "Tests_XmppTarget", "Tests_XmppTarget\Tests_XmppTarget.csproj", "{10325D91-5380-49DB-BE11-323ACCB661C6}"
EndProject
Global
	GlobalSection(SolutionConfigurationPlatforms) = preSolution
		Debug|Any CPU = Debug|Any CPU
		Release|Any CPU = Release|Any CPU
	EndGlobalSection
	GlobalSection(ProjectConfigurationPlatforms) = postSolution
		{35515FFC-D988-43BC-AD98-654F78273FF3}.Debug|Any CPU.ActiveCfg = Debug|Any CPU
		{35515FFC-D988-43BC-AD98-654F78273FF3}.Debug|Any CPU.Build.0 = Debug|Any CPU
		{35515FFC-D988-43BC-AD98-654F78273FF3}.Release|Any CPU.ActiveCfg = Release|Any CPU
		{35515FFC-D988-43BC-AD98-654F78273FF3}.Release|Any CPU.Build.0 = Release|Any CPU
		{10325D91-5380-49DB-BE11-323ACCB661C6}.Debug|Any CPU.ActiveCfg = Debug|Any CPU
		{10325D91-5380-49DB-BE11-323ACCB661C6}.Debug|Any CPU.Build.0 = Debug|Any CPU
		{10325D91-5380-49DB-BE11-323ACCB661C6}.Release|Any CPU.ActiveCfg = Release|Any CPU
		{10325D91-5380-49DB-BE11-323ACCB661C6}.Release|Any CPU.Build.0 = Release|Any CPU
	EndGlobalSection
	GlobalSection(SolutionProperties) = preSolution
		HideSolutionNode = FALSE
	EndGlobalSection
EndGlobal
